
Microsoft Visual Studio Solution File, Format Version 12.00
# Visual Studio Version 16
VisualStudioVersion = 16.0.29519.87
MinimumVisualStudioVersion = 10.0.40219.1
Project("{FAE04EC0-301F-11D3-BF4B-00C04F79EFBC}") = "NotifyToAction", "NotifyToAction\NotifyToAction.csproj", "{EC272A4B-BB53-4B7C-B59B-0EF9AA4021FE}"
EndProject
Project("{FAE04EC0-301F-11D3-BF4B-00C04F79EFBC}") = "NotifyToActionConsole", "NotifyToActionConsole\NotifyToActionConsole.csproj", "{28E922E2-3BA5-4EB5-9951-6CDC282DDABA}"
EndProject
Global
	GlobalSection(SolutionConfigurationPlatforms) = preSolution
		Debug|Any CPU = Debug|Any CPU
		Release|Any CPU = Release|Any CPU
	EndGlobalSection
	GlobalSection(ProjectConfigurationPlatforms) = postSolution
		{EC272A4B-BB53-4B7C-B59B-0EF9AA4021FE}.Debug|Any CPU.ActiveCfg = Debug|Any CPU
		{EC272A4B-BB53-4B7C-B59B-0EF9AA4021FE}.Debug|Any CPU.Build.0 = Debug|Any CPU
		{EC272A4B-BB53-4B7C-B59B-0EF9AA4021FE}.Release|Any CPU.ActiveCfg = Release|Any CPU
		{EC272A4B-BB53-4B7C-B59B-0EF9AA4021FE}.Release|Any CPU.Build.0 = Release|Any CPU
		{28E922E2-3BA5-4EB5-9951-6CDC282DDABA}.Debug|Any CPU.ActiveCfg = Debug|Any CPU
		{28E922E2-3BA5-4EB5-9951-6CDC282DDABA}.Debug|Any CPU.Build.0 = Debug|Any CPU
		{28E922E2-3BA5-4EB5-9951-6CDC282DDABA}.Release|Any CPU.ActiveCfg = Release|Any CPU
		{28E922E2-3BA5-4EB5-9951-6CDC282DDABA}.Release|Any CPU.Build.0 = Release|Any CPU
	EndGlobalSection
	GlobalSection(SolutionProperties) = preSolution
		HideSolutionNode = FALSE
	EndGlobalSection
	GlobalSection(ExtensibilityGlobals) = postSolution
		SolutionGuid = {FEACAF31-F43E-4E5F-9886-6A20262EFF09}
	EndGlobalSection
EndGlobal
